
Microsoft Visual Studio Solution File, Format Version 12.00
# Visual Studio 15
VisualStudioVersion = 15.0.28307.271
MinimumVisualStudioVersion = 10.0.40219.1
Project("{FAE04EC0-301F-11D3-BF4B-00C04F79EFBC}") = "Noodles and co", "Noodles and co\Noodles and co.csproj", "{3129C73E-1341-4B38-99B9-0572F8A1521A}"
EndProject
Global
	GlobalSection(SolutionConfigurationPlatforms) = preSolution
		Debug|Any CPU = Debug|Any CPU
		Release|Any CPU = Release|Any CPU
	EndGlobalSection
	GlobalSection(ProjectConfigurationPlatforms) = postSolution
		{3129C73E-1341-4B38-99B9-0572F8A1521A}.Debug|Any CPU.ActiveCfg = Debug|Any CPU
		{3129C73E-1341-4B38-99B9-0572F8A1521A}.Debug|Any CPU.Build.0 = Debug|Any CPU
		{3129C73E-1341-4B38-99B9-0572F8A1521A}.Release|Any CPU.ActiveCfg = Release|Any CPU
		{3129C73E-1341-4B38-99B9-0572F8A1521A}.Release|Any CPU.Build.0 = Release|Any CPU
	EndGlobalSection
	GlobalSection(SolutionProperties) = preSolution
		HideSolutionNode = FALSE
	EndGlobalSection
	GlobalSection(ExtensibilityGlobals) = postSolution
		SolutionGuid = {A9002F35-C41B-4CF6-8C77-D1E94A20C347}
	EndGlobalSection
EndGlobal
